// !$*UTF8*$!
{
	archiveVersion = 1;
	classes = {
	};
	objectVersion = 56;
	objects = {

/* Begin PBXBuildFile section */
		5682F4C92B28DFF100D3C9C6 /* NotesUI Watch App.app in Embed Watch Content */ = {isa = PBXBuildFile; fileRef = 5682F4C82B28DFF100D3C9C6 /* NotesUI Watch App.app */; settings = {ATTRIBUTES = (RemoveHeadersOnCopy, ); }; };
		5682F4CE2B28DFF100D3C9C6 /* NotesUIApp.swift in Sources */ = {isa = PBXBuildFile; fileRef = 5682F4CD2B28DFF100D3C9C6 /* NotesUIApp.swift */; };
		5682F4D02B28DFF100D3C9C6 /* ContentView.swift in Sources */ = {isa = PBXBuildFile; fileRef = 5682F4CF2B28DFF100D3C9C6 /* ContentView.swift */; };
		5682F4D22B28DFF300D3C9C6 /* Assets.xcassets in Resources */ = {isa = PBXBuildFile; fileRef = 5682F4D12B28DFF300D3C9C6 /* Assets.xcassets */; };
		5682F4D52B28DFF300D3C9C6 /* Preview Assets.xcassets in Resources */ = {isa = PBXBuildFile; fileRef = 5682F4D42B28DFF300D3C9C6 /* Preview Assets.xcassets */; };
		5682F4E22B28E1B900D3C9C6 /* Note.swift in Sources */ = {isa = PBXBuildFile; fileRef = 5682F4E12B28E1B900D3C9C6 /* Note.swift */; };
		5682F4E42B2902CE00D3C9C6 /* DetailView.swift in Sources */ = {isa = PBXBuildFile; fileRef = 5682F4E32B2902CE00D3C9C6 /* DetailView.swift */; };
		5682F4E62B29054B00D3C9C6 /* CreditsView.swift in Sources */ = {isa = PBXBuildFile; fileRef = 5682F4E52B29054B00D3C9C6 /* CreditsView.swift */; };
		5682F4E92B29059A00D3C9C6 /* HeaderView.swift in Sources */ = {isa = PBXBuildFile; fileRef = 5682F4E82B29059A00D3C9C6 /* HeaderView.swift */; };
		5682F4EB2B2908C900D3C9C6 /* SettingsView.swift in Sources */ = {isa = PBXBuildFile; fileRef = 5682F4EA2B2908C900D3C9C6 /* SettingsView.swift */; };
/* End PBXBuildFile section */

/* Begin PBXContainerItemProxy section */
		5682F4CA2B28DFF100D3C9C6 /* PBXContainerItemProxy */ = {
			isa = PBXContainerItemProxy;
			containerPortal = 5682F4BC2B28DFF000D3C9C6 /* Project object */;
			proxyType = 1;
			remoteGlobalIDString = 5682F4C72B28DFF100D3C9C6;
			remoteInfo = "NotesUI Watch App";
		};
/* End PBXContainerItemProxy section */

/* Begin PBXCopyFilesBuildPhase section */
		5682F4DB2B28DFF300D3C9C6 /* Embed Watch Content */ = {
			isa = PBXCopyFilesBuildPhase;
			buildActionMask = 2147483647;
			dstPath = "$(CONTENTS_FOLDER_PATH)/Watch";
			dstSubfolderSpec = 16;
			files = (
				5682F4C92B28DFF100D3C9C6 /* NotesUI Watch App.app in Embed Watch Content */,
			);
			name = "Embed Watch Content";
			runOnlyForDeploymentPostprocessing = 0;
		};
/* End PBXCopyFilesBuildPhase section */

/* Begin PBXFileReference section */
		5682F4C22B28DFF100D3C9C6 /* NotesUI.app */ = {isa = PBXFileReference; explicitFileType = wrapper.application; includeInIndex = 0; path = NotesUI.app; sourceTree = BUILT_PRODUCTS_DIR; };
		5682F4C82B28DFF100D3C9C6 /* NotesUI Watch App.app */ = {isa = PBXFileReference; explicitFileType = wrapper.application; includeInIndex = 0; path = "NotesUI Watch App.app"; sourceTree = BUILT_PRODUCTS_DIR; };
		5682F4CD2B28DFF100D3C9C6 /* NotesUIApp.swift */ = {isa = PBXFileReference; lastKnownFileType = sourcecode.swift; path = NotesUIApp.swift; sourceTree = "<group>"; };
		5682F4CF2B28DFF100D3C9C6 /* ContentView.swift */ = {isa = PBXFileReference; lastKnownFileType = sourcecode.swift; path = ContentView.swift; sourceTree = "<group>"; };
		5682F4D12B28DFF300D3C9C6 /* Assets.xcassets */ = {isa = PBXFileReference; lastKnownFileType = folder.assetcatalog; path = Assets.xcassets; sourceTree = "<group>"; };
		5682F4D42B28DFF300D3C9C6 /* Preview Assets.xcassets */ = {isa = PBXFileReference; lastKnownFileType = folder.assetcatalog; path = "Preview Assets.xcassets"; sourceTree = "<group>"; };
		5682F4E12B28E1B900D3C9C6 /* Note.swift */ = {isa = PBXFileReference; lastKnownFileType = sourcecode.swift; path = Note.swift; sourceTree = "<group>"; };
		5682F4E32B2902CE00D3C9C6 /* DetailView.swift */ = {isa = PBXFileReference; lastKnownFileType = sourcecode.swift; path = DetailView.swift; sourceTree = "<group>"; };
		5682F4E52B29054B00D3C9C6 /* CreditsView.swift */ = {isa = PBXFileReference; lastKnownFileType = sourcecode.swift; path = CreditsView.swift; sourceTree = "<group>"; };
		5682F4E82B29059A00D3C9C6 /* HeaderView.swift */ = {isa = PBXFileReference; lastKnownFileType = sourcecode.swift; path = HeaderView.swift; sourceTree = "<group>"; };
		5682F4EA2B2908C900D3C9C6 /* SettingsView.swift */ = {isa = PBXFileReference; lastKnownFileType = sourcecode.swift; path = SettingsView.swift; sourceTree = "<group>"; };
/* End PBXFileReference section */

/* Begin PBXFrameworksBuildPhase section */
		5682F4C52B28DFF100D3C9C6 /* Frameworks */ = {
			isa = PBXFrameworksBuildPhase;
			buildActionMask = 2147483647;
			files = (
			);
			runOnlyForDeploymentPostprocessing = 0;
		};
/* End PBXFrameworksBuildPhase section */

/* Begin PBXGroup section */
		5682F4BB2B28DFF000D3C9C6 = {
			isa = PBXGroup;
			children = (
				5682F4CC2B28DFF100D3C9C6 /* NotesUI Watch App */,
				5682F4C32B28DFF100D3C9C6 /* Products */,
			);
			sourceTree = "<group>";
		};
		5682F4C32B28DFF100D3C9C6 /* Products */ = {
			isa = PBXGroup;
			children = (
				5682F4C22B28DFF100D3C9C6 /* NotesUI.app */,
				5682F4C82B28DFF100D3C9C6 /* NotesUI Watch App.app */,
			);
			name = Products;
			sourceTree = "<group>";
		};
		5682F4CC2B28DFF100D3C9C6 /* NotesUI Watch App */ = {
			isa = PBXGroup;
			children = (
				5682F4E72B29058E00D3C9C6 /* Component */,
				5682F4E02B28E1A900D3C9C6 /* Model */,
				5682F4CD2B28DFF100D3C9C6 /* NotesUIApp.swift */,
				5682F4DF2B28E19A00D3C9C6 /* View */,
				5682F4D12B28DFF300D3C9C6 /* Assets.xcassets */,
				5682F4D32B28DFF300D3C9C6 /* Preview Content */,
			);
			path = "NotesUI Watch App";
			sourceTree = "<group>";
		};
		5682F4D32B28DFF300D3C9C6 /* Preview Content */ = {
			isa = PBXGroup;
			children = (
				5682F4D42B28DFF300D3C9C6 /* Preview Assets.xcassets */,
			);
			path = "Preview Content";
			sourceTree = "<group>";
		};
		5682F4DF2B28E19A00D3C9C6 /* View */ = {
			isa = PBXGroup;
			children = (
				5682F4CF2B28DFF100D3C9C6 /* ContentView.swift */,
				5682F4E32B2902CE00D3C9C6 /* DetailView.swift */,
				5682F4E52B29054B00D3C9C6 /* CreditsView.swift */,
				5682F4EA2B2908C900D3C9C6 /* SettingsView.swift */,
			);
			path = View;
			sourceTree = "<group>";
		};
		5682F4E02B28E1A900D3C9C6 /* Model */ = {
			isa = PBXGroup;
			children = (
				5682F4E12B28E1B900D3C9C6 /* Note.swift */,
			);
			path = Model;
			sourceTree = "<group>";
		};
		5682F4E72B29058E00D3C9C6 /* Component */ = {
			isa = PBXGroup;
			children = (
				5682F4E82B29059A00D3C9C6 /* HeaderView.swift */,
			);
			path = Component;
			sourceTree = "<group>";
		};
/* End PBXGroup section */

/* Begin PBXNativeTarget section */
		5682F4C12B28DFF100D3C9C6 /* NotesUI */ = {
			isa = PBXNativeTarget;
			buildConfigurationList = 5682F4DC2B28DFF300D3C9C6 /* Build configuration list for PBXNativeTarget "NotesUI" */;
			buildPhases = (
				5682F4C02B28DFF100D3C9C6 /* Resources */,
				5682F4DB2B28DFF300D3C9C6 /* Embed Watch Content */,
			);
			buildRules = (
			);
			dependencies = (
				5682F4CB2B28DFF100D3C9C6 /* PBXTargetDependency */,
			);
			name = NotesUI;
			productName = NotesUI;
			productReference = 5682F4C22B28DFF100D3C9C6 /* NotesUI.app */;
			productType = "com.apple.product-type.application.watchapp2-container";
		};
		5682F4C72B28DFF100D3C9C6 /* NotesUI Watch App */ = {
			isa = PBXNativeTarget;
			buildConfigurationList = 5682F4D82B28DFF300D3C9C6 /* Build configuration list for PBXNativeTarget "NotesUI Watch App" */;
			buildPhases = (
				5682F4C42B28DFF100D3C9C6 /* Sources */,
				5682F4C52B28DFF100D3C9C6 /* Frameworks */,
				5682F4C62B28DFF100D3C9C6 /* Resources */,
			);
			buildRules = (
			);
			dependencies = (
			);
			name = "NotesUI Watch App";
			productName = "NotesUI Watch App";
			productReference = 5682F4C82B28DFF100D3C9C6 /* NotesUI Watch App.app */;
			productType = "com.apple.product-type.application";
		};
/* End PBXNativeTarget section */

/* Begin PBXProject section */
		5682F4BC2B28DFF000D3C9C6 /* Project object */ = {
			isa = PBXProject;
			attributes = {
				BuildIndependentTargetsInParallel = 1;
				LastSwiftUpdateCheck = 1500;
				LastUpgradeCheck = 1500;
				TargetAttributes = {
					5682F4C12B28DFF100D3C9C6 = {
						CreatedOnToolsVersion = 15.0.1;
					};
					5682F4C72B28DFF100D3C9C6 = {
						CreatedOnToolsVersion = 15.0.1;
					};
				};
			};
			buildConfigurationList = 5682F4BF2B28DFF000D3C9C6 /* Build configuration list for PBXProject "NotesUI" */;
			compatibilityVersion = "Xcode 14.0";
			developmentRegion = en;
			hasScannedForEncodings = 0;
			knownRegions = (
				en,
				Base,
			);
			mainGroup = 5682F4BB2B28DFF000D3C9C6;
			productRefGroup = 5682F4C32B28DFF100D3C9C6 /* Products */;
			projectDirPath = "";
			projectRoot = "";
			targets = (
				5682F4C12B28DFF100D3C9C6 /* NotesUI */,
				5682F4C72B28DFF100D3C9C6 /* NotesUI Watch App */,
			);
		};
/* End PBXProject section */

/* Begin PBXResourcesBuildPhase section */
		5682F4C02B28DFF100D3C9C6 /* Resources */ = {
			isa = PBXResourcesBuildPhase;
			buildActionMask = 2147483647;
			files = (
			);
			runOnlyForDeploymentPostprocessing = 0;
		};
		5682F4C62B28DFF100D3C9C6 /* Resources */ = {
			isa = PBXResourcesBuildPhase;
			buildActionMask = 2147483647;
			files = (
				5682F4D52B28DFF300D3C9C6 /* Preview Assets.xcassets in Resources */,
				5682F4D22B28DFF300D3C9C6 /* Assets.xcassets in Resources */,
			);
			runOnlyForDeploymentPostprocessing = 0;
		};
/* End PBXResourcesBuildPhase section */

/* Begin PBXSourcesBuildPhase section */
		5682F4C42B28DFF100D3C9C6 /* Sources */ = {
			isa = PBXSourcesBuildPhase;
			buildActionMask = 2147483647;
			files = (
				5682F4D02B28DFF100D3C9C6 /* ContentView.swift in Sources */,
				5682F4E92B29059A00D3C9C6 /* HeaderView.swift in Sources */,
				5682F4E42B2902CE00D3C9C6 /* DetailView.swift in Sources */,
				5682F4CE2B28DFF100D3C9C6 /* NotesUIApp.swift in Sources */,
				5682F4EB2B2908C900D3C9C6 /* SettingsView.swift in Sources */,
				5682F4E62B29054B00D3C9C6 /* CreditsView.swift in Sources */,
				5682F4E22B28E1B900D3C9C6 /* Note.swift in Sources */,
			);
			runOnlyForDeploymentPostprocessing = 0;
		};
/* End PBXSourcesBuildPhase section */

/* Begin PBXTargetDependency section */
		5682F4CB2B28DFF100D3C9C6 /* PBXTargetDependency */ = {
			isa = PBXTargetDependency;
			target = 5682F4C72B28DFF100D3C9C6 /* NotesUI Watch App */;
			targetProxy = 5682F4CA2B28DFF100D3C9C6 /* PBXContainerItemProxy */;
		};
/* End PBXTargetDependency section */

/* Begin XCBuildConfiguration section */
		5682F4D62B28DFF300D3C9C6 /* Debug */ = {
			isa = XCBuildConfiguration;
			buildSettings = {
				ALWAYS_SEARCH_USER_PATHS = NO;
				ASSETCATALOG_COMPILER_GENERATE_SWIFT_ASSET_SYMBOL_EXTENSIONS = YES;
				CLANG_ANALYZER_NONNULL = YES;
				CLANG_ANALYZER_NUMBER_OBJECT_CONVERSION = YES_AGGRESSIVE;
				CLANG_CXX_LANGUAGE_STANDARD = "gnu++20";
				CLANG_ENABLE_MODULES = YES;
				CLANG_ENABLE_OBJC_ARC = YES;
				CLANG_ENABLE_OBJC_WEAK = YES;
				CLANG_WARN_BLOCK_CAPTURE_AUTORELEASING = YES;
				CLANG_WARN_BOOL_CONVERSION = YES;
				CLANG_WARN_COMMA = YES;
				CLANG_WARN_CONSTANT_CONVERSION = YES;
				CLANG_WARN_DEPRECATED_OBJC_IMPLEMENTATIONS = YES;
				CLANG_WARN_DIRECT_OBJC_ISA_USAGE = YES_ERROR;
				CLANG_WARN_DOCUMENTATION_COMMENTS = YES;
				CLANG_WARN_EMPTY_BODY = YES;
				CLANG_WARN_ENUM_CONVERSION = YES;
				CLANG_WARN_INFINITE_RECURSION = YES;
				CLANG_WARN_INT_CONVERSION = YES;
				CLANG_WARN_NON_LITERAL_NULL_CONVERSION = YES;
				CLANG_WARN_OBJC_IMPLICIT_RETAIN_SELF = YES;
				CLANG_WARN_OBJC_LITERAL_CONVERSION = YES;
				CLANG_WARN_OBJC_ROOT_CLASS = YES_ERROR;
				CLANG_WARN_QUOTED_INCLUDE_IN_FRAMEWORK_HEADER = YES;
				CLANG_WARN_RANGE_LOOP_ANALYSIS = YES;
				CLANG_WARN_STRICT_PROTOTYPES = YES;
				CLANG_WARN_SUSPICIOUS_MOVE = YES;
				CLANG_WARN_UNGUARDED_AVAILABILITY = YES_AGGRESSIVE;
				CLANG_WARN_UNREACHABLE_CODE = YES;
				CLANG_WARN__DUPLICATE_METHOD_MATCH = YES;
				COPY_PHASE_STRIP = NO;
				DEBUG_INFORMATION_FORMAT = dwarf;
				ENABLE_STRICT_OBJC_MSGSEND = YES;
				ENABLE_TESTABILITY = YES;
				ENABLE_USER_SCRIPT_SANDBOXING = YES;
				GCC_C_LANGUAGE_STANDARD = gnu17;
				GCC_DYNAMIC_NO_PIC = NO;
				GCC_NO_COMMON_BLOCKS = YES;
				GCC_OPTIMIZATION_LEVEL = 0;
				GCC_PREPROCESSOR_DEFINITIONS = (
					"DEBUG=1",
					"$(inherited)",
				);
				GCC_WARN_64_TO_32_BIT_CONVERSION = YES;
				GCC_WARN_ABOUT_RETURN_TYPE = YES_ERROR;
				GCC_WARN_UNDECLARED_SELECTOR = YES;
				GCC_WARN_UNINITIALIZED_AUTOS = YES_AGGRESSIVE;
				GCC_WARN_UNUSED_FUNCTION = YES;
				GCC_WARN_UNUSED_VARIABLE = YES;
				LOCALIZATION_PREFERS_STRING_CATALOGS = YES;
				MTL_ENABLE_DEBUG_INFO = INCLUDE_SOURCE;
				MTL_FAST_MATH = YES;
				ONLY_ACTIVE_ARCH = YES;
				SWIFT_ACTIVE_COMPILATION_CONDITIONS = "DEBUG $(inherited)";
				SWIFT_OPTIMIZATION_LEVEL = "-Onone";
			};
			name = Debug;
		};
		5682F4D72B28DFF300D3C9C6 /* Release */ = {
			isa = XCBuildConfiguration;
			buildSettings = {
				ALWAYS_SEARCH_USER_PATHS = NO;
				ASSETCATALOG_COMPILER_GENERATE_SWIFT_ASSET_SYMBOL_EXTENSIONS = YES;
				CLANG_ANALYZER_NONNULL = YES;
				CLANG_ANALYZER_NUMBER_OBJECT_CONVERSION = YES_AGGRESSIVE;
				CLANG_CXX_LANGUAGE_STANDARD = "gnu++20";
				CLANG_ENABLE_MODULES = YES;
				CLANG_ENABLE_OBJC_ARC = YES;
				CLANG_ENABLE_OBJC_WEAK = YES;
				CLANG_WARN_BLOCK_CAPTURE_AUTORELEASING = YES;
				CLANG_WARN_BOOL_CONVERSION = YES;
				CLANG_WARN_COMMA = YES;
				CLANG_WARN_CONSTANT_CONVERSION = YES;
				CLANG_WARN_DEPRECATED_OBJC_IMPLEMENTATIONS = YES;
				CLANG_WARN_DIRECT_OBJC_ISA_USAGE = YES_ERROR;
				CLANG_WARN_DOCUMENTATION_COMMENTS = YES;
				CLANG_WARN_EMPTY_BODY = YES;
				CLANG_WARN_ENUM_CONVERSION = YES;
				CLANG_WARN_INFINITE_RECURSION = YES;
				CLANG_WARN_INT_CONVERSION = YES;
				CLANG_WARN_NON_LITERAL_NULL_CONVERSION = YES;
				CLANG_WARN_OBJC_IMPLICIT_RETAIN_SELF = YES;
				CLANG_WARN_OBJC_LITERAL_CONVERSION = YES;
				CLANG_WARN_OBJC_ROOT_CLASS = YES_ERROR;
				CLANG_WARN_QUOTED_INCLUDE_IN_FRAMEWORK_HEADER = YES;
				CLANG_WARN_RANGE_LOOP_ANALYSIS = YES;
				CLANG_WARN_STRICT_PROTOTYPES = YES;
				CLANG_WARN_SUSPICIOUS_MOVE = YES;
				CLANG_WARN_UNGUARDED_AVAILABILITY = YES_AGGRESSIVE;
				CLANG_WARN_UNREACHABLE_CODE = YES;
				CLANG_WARN__DUPLICATE_METHOD_MATCH = YES;
				COPY_PHASE_STRIP = NO;
				DEBUG_INFORMATION_FORMAT = "dwarf-with-dsym";
				ENABLE_NS_ASSERTIONS = NO;
				ENABLE_STRICT_OBJC_MSGSEND = YES;
				ENABLE_USER_SCRIPT_SANDBOXING = YES;
				GCC_C_LANGUAGE_STANDARD = gnu17;
				GCC_NO_COMMON_BLOCKS = YES;
				GCC_WARN_64_TO_32_BIT_CONVERSION = YES;
				GCC_WARN_ABOUT_RETURN_TYPE = YES_ERROR;
				GCC_WARN_UNDECLARED_SELECTOR = YES;
				GCC_WARN_UNINITIALIZED_AUTOS = YES_AGGRESSIVE;
				GCC_WARN_UNUSED_FUNCTION = YES;
				GCC_WARN_UNUSED_VARIABLE = YES;
				LOCALIZATION_PREFERS_STRING_CATALOGS = YES;
				MTL_ENABLE_DEBUG_INFO = NO;
				MTL_FAST_MATH = YES;
				SWIFT_COMPILATION_MODE = wholemodule;
			};
			name = Release;
		};
		5682F4D92B28DFF300D3C9C6 /* Debug */ = {
			isa = XCBuildConfiguration;
			buildSettings = {
				ASSETCATALOG_COMPILER_APPICON_NAME = AppIcon;
				ASSETCATALOG_COMPILER_GLOBAL_ACCENT_COLOR_NAME = AccentColor;
				CODE_SIGN_STYLE = Automatic;
				CURRENT_PROJECT_VERSION = 1;
				DEVELOPMENT_ASSET_PATHS = "\"NotesUI Watch App/Preview Content\"";
				DEVELOPMENT_TEAM = VXF37T9QF4;
				ENABLE_PREVIEWS = YES;
				GENERATE_INFOPLIST_FILE = YES;
				INFOPLIST_KEY_CFBundleDisplayName = NotesUI;
				INFOPLIST_KEY_UISupportedInterfaceOrientations = "UIInterfaceOrientationPortrait UIInterfaceOrientationPortraitUpsideDown";
				INFOPLIST_KEY_WKWatchOnly = YES;
				LD_RUNPATH_SEARCH_PATHS = (
					"$(inherited)",
					"@executable_path/Frameworks",
				);
				MARKETING_VERSION = 1.0;
				PRODUCT_BUNDLE_IDENTIFIER = com.danielWashington.NotesUI.watchkitapp;
				PRODUCT_NAME = "$(TARGET_NAME)";
				SDKROOT = watchos;
				SKIP_INSTALL = YES;
				SWIFT_EMIT_LOC_STRINGS = YES;
				SWIFT_VERSION = 5.0;
				TARGETED_DEVICE_FAMILY = 4;
				WATCHOS_DEPLOYMENT_TARGET = 10.0;
			};
			name = Debug;
		};
		5682F4DA2B28DFF300D3C9C6 /* Release */ = {
			isa = XCBuildConfiguration;
			buildSettings = {
				ASSETCATALOG_COMPILER_APPICON_NAME = AppIcon;
				ASSETCATALOG_COMPILER_GLOBAL_ACCENT_COLOR_NAME = AccentColor;
				CODE_SIGN_STYLE = Automatic;
				CURRENT_PROJECT_VERSION = 1;
				DEVELOPMENT_ASSET_PATHS = "\"NotesUI Watch App/Preview Content\"";
				DEVELOPMENT_TEAM = VXF37T9QF4;
				ENABLE_PREVIEWS = YES;
				GENERATE_INFOPLIST_FILE = YES;
				INFOPLIST_KEY_CFBundleDisplayName = NotesUI;
				INFOPLIST_KEY_UISupportedInterfaceOrientations = "UIInterfaceOrientationPortrait UIInterfaceOrientationPortraitUpsideDown";
				INFOPLIST_KEY_WKWatchOnly = YES;
				LD_RUNPATH_SEARCH_PATHS = (
					"$(inherited)",
					"@executable_path/Frameworks",
				);
				MARKETING_VERSION = 1.0;
				PRODUCT_BUNDLE_IDENTIFIER = com.danielWashington.NotesUI.watchkitapp;
				PRODUCT_NAME = "$(TARGET_NAME)";
				SDKROOT = watchos;
				SKIP_INSTALL = YES;
				SWIFT_EMIT_LOC_STRINGS = YES;
				SWIFT_VERSION = 5.0;
				TARGETED_DEVICE_FAMILY = 4;
				VALIDATE_PRODUCT = YES;
				WATCHOS_DEPLOYMENT_TARGET = 10.0;
			};
			name = Release;
		};
		5682F4DD2B28DFF300D3C9C6 /* Debug */ = {
			isa = XCBuildConfiguration;
			buildSettings = {
				ALWAYS_EMBED_SWIFT_STANDARD_LIBRARIES = YES;
				CODE_SIGN_STYLE = Automatic;
				CURRENT_PROJECT_VERSION = 1;
				DEVELOPMENT_TEAM = VXF37T9QF4;
				INFOPLIST_KEY_CFBundleDisplayName = NotesUI;
				MARKETING_VERSION = 1.0;
				PRODUCT_BUNDLE_IDENTIFIER = com.danielWashington.NotesUI;
				PRODUCT_NAME = "$(TARGET_NAME)";
				SDKROOT = iphoneos;
				SWIFT_VERSION = 5.0;
			};
			name = Debug;
		};
		5682F4DE2B28DFF300D3C9C6 /* Release */ = {
			isa = XCBuildConfiguration;
			buildSettings = {
				ALWAYS_EMBED_SWIFT_STANDARD_LIBRARIES = YES;
				CODE_SIGN_STYLE = Automatic;
				CURRENT_PROJECT_VERSION = 1;
				DEVELOPMENT_TEAM = VXF37T9QF4;
				INFOPLIST_KEY_CFBundleDisplayName = NotesUI;
				MARKETING_VERSION = 1.0;
				PRODUCT_BUNDLE_IDENTIFIER = com.danielWashington.NotesUI;
				PRODUCT_NAME = "$(TARGET_NAME)";
				SDKROOT = iphoneos;
				SWIFT_VERSION = 5.0;
				VALIDATE_PRODUCT = YES;
			};
			name = Release;
		};
/* End XCBuildConfiguration section */

/* Begin XCConfigurationList section */
		5682F4BF2B28DFF000D3C9C6 /* Build configuration list for PBXProject "NotesUI" */ = {
			isa = XCConfigurationList;
			buildConfigurations = (
				5682F4D62B28DFF300D3C9C6 /* Debug */,
				5682F4D72B28DFF300D3C9C6 /* Release */,
			);
			defaultConfigurationIsVisible = 0;
			defaultConfigurationName = Release;
		};
		5682F4D82B28DFF300D3C9C6 /* Build configuration list for PBXNativeTarget "NotesUI Watch App" */ = {
			isa = XCConfigurationList;
			buildConfigurations = (
				5682F4D92B28DFF300D3C9C6 /* Debug */,
				5682F4DA2B28DFF300D3C9C6 /* Release */,
			);
			defaultConfigurationIsVisible = 0;
			defaultConfigurationName = Release;
		};
		5682F4DC2B28DFF300D3C9C6 /* Build configuration list for PBXNativeTarget "NotesUI" */ = {
			isa = XCConfigurationList;
			buildConfigurations = (
				5682F4DD2B28DFF300D3C9C6 /* Debug */,
				5682F4DE2B28DFF300D3C9C6 /* Release */,
			);
			defaultConfigurationIsVisible = 0;
			defaultConfigurationName = Release;
		};
/* End XCConfigurationList section */
	};
	rootObject = 5682F4BC2B28DFF000D3C9C6 /* Project object */;
}
